{
  "name": "wootom",
  "version": "0.0.0",
  "lockfileVersion": 2,
  "requires": true,
  "packages": {
    "": {
      "version": "0.0.0",
      "license": "MIT",
      "devDependencies": {
        "@types/atom": "^1.40.7",
        "@types/jasmine": "^3.6.4",
        "typescript": "^4.1.5"
      },
      "engines": {
        "atom": "^1.54.0"
      }
    },
    "node_modules/@types/atom": {
      "version": "1.40.7",
      "resolved": "https://registry.npmjs.org/@types/atom/-/atom-1.40.7.tgz",
      "integrity": "sha512-PHQIR3dl3AKVqWdPUtL0Wg2X5QXcXoGKTksLAm0Cqgq3QwSxEtFCWcVQWgxAmJAX+rmmEyT0UTUyTTPtMja32w==",
      "dev": true,
      "dependencies": {
        "@types/node": "*"
      }
    },
    "node_modules/@types/jasmine": {
      "version": "3.6.4",
      "resolved": "https://registry.npmjs.org/@types/jasmine/-/jasmine-3.6.4.tgz",
      "integrity": "sha512-CTdMERA4iGNcxeqzD7pavb4WLIFq6bGnx6nIJD+1D4Knx24GE6QBPrWVhO8UlIy7gf7rbIt3ZD7iIzryRD2TgA==",
      "dev": true
    },
    "node_modules/@types/node": {
      "version": "14.14.31",
      "resolved": "https://registry.npmjs.org/@types/node/-/node-14.14.31.tgz",
      "integrity": "sha512-vFHy/ezP5qI0rFgJ7aQnjDXwAMrG0KqqIH7tQG5PPv3BWBayOPIQNBjVc/P6hhdZfMx51REc6tfDNXHUio893g==",
      "dev": true
    },
    "node_modules/typescript": {
      "version": "4.1.5",
      "resolved": "https://registry.npmjs.org/typescript/-/typescript-4.1.5.tgz",
      "integrity": "sha512-6OSu9PTIzmn9TCDiovULTnET6BgXtDYL4Gg4szY+cGsc3JP1dQL8qvE8kShTRx1NIw4Q9IBHlwODjkjWEtMUyA==",
      "dev": true,
      "bin": {
        "tsc": "bin/tsc",
        "tsserver": "bin/tsserver"
      },
      "engines": {
        "node": ">=4.2.0"
      }
    }
  },
  "dependencies": {
    "@types/atom": {
      "version": "1.40.7",
      "resolved": "https://registry.npmjs.org/@types/atom/-/atom-1.40.7.tgz",
      "integrity": "sha512-PHQIR3dl3AKVqWdPUtL0Wg2X5QXcXoGKTksLAm0Cqgq3QwSxEtFCWcVQWgxAmJAX+rmmEyT0UTUyTTPtMja32w==",
      "dev": true,
      "requires": {
        "@types/node": "*"
      }
    },
    "@types/jasmine": {
      "version": "3.6.4",
      "resolved": "https://registry.npmjs.org/@types/jasmine/-/jasmine-3.6.4.tgz",
      "integrity": "sha512-CTdMERA4iGNcxeqzD7pavb4WLIFq6bGnx6nIJD+1D4Knx24GE6QBPrWVhO8UlIy7gf7rbIt3ZD7iIzryRD2TgA==",
      "dev": true
    },
    "@types/node": {
      "version": "14.14.31",
      "resolved": "https://registry.npmjs.org/@types/node/-/node-14.14.31.tgz",
      "integrity": "sha512-vFHy/ezP5qI0rFgJ7aQnjDXwAMrG0KqqIH7tQG5PPv3BWBayOPIQNBjVc/P6hhdZfMx51REc6tfDNXHUio893g==",
      "dev": true
    },
    "typescript": {
      "version": "4.1.5",
      "resolved": "https://registry.npmjs.org/typescript/-/typescript-4.1.5.tgz",
      "integrity": "sha512-6OSu9PTIzmn9TCDiovULTnET6BgXtDYL4Gg4szY+cGsc3JP1dQL8qvE8kShTRx1NIw4Q9IBHlwODjkjWEtMUyA==",
      "dev": true
    }
  }
}
